
Microsoft Visual Studio Solution File, Format Version 12.00
# Visual Studio 15
VisualStudioVersion = 15.0.26124.0
MinimumVisualStudioVersion = 15.0.26124.0
Project("{9A19103F-16F7-4668-BE54-9A1E7A4F7556}") = "api", "api\api.csproj", "{081B15A6-769A-42E1-AF35-4BE6D3F1F761}"
EndProject
Project("{9A19103F-16F7-4668-BE54-9A1E7A4F7556}") = "apiTests", "apiTests\apiTests.csproj", "{A9ED572F-72A5-46E4-B3FC-F3ADC074C577}"
EndProject
Project("{9A19103F-16F7-4668-BE54-9A1E7A4F7556}") = "DatabaseAPITests", "DatabaseAPITests\DatabaseAPITests.csproj", "{26719386-E138-458C-959B-8BE5342B3AF7}"
EndProject
Project("{9A19103F-16F7-4668-BE54-9A1E7A4F7556}") = "databaseAPICore", "databaseAPICore\databaseAPICore.csproj", "{EF2BE11E-4B21-49DF-8E23-1852C2115722}"
EndProject
Global
	GlobalSection(SolutionConfigurationPlatforms) = preSolution
		Debug|Any CPU = Debug|Any CPU
		Debug|x64 = Debug|x64
		Debug|x86 = Debug|x86
		Release|Any CPU = Release|Any CPU
		Release|x64 = Release|x64
		Release|x86 = Release|x86
	EndGlobalSection
	GlobalSection(ProjectConfigurationPlatforms) = postSolution
		{081B15A6-769A-42E1-AF35-4BE6D3F1F761}.Debug|Any CPU.ActiveCfg = Debug|Any CPU
		{081B15A6-769A-42E1-AF35-4BE6D3F1F761}.Debug|Any CPU.Build.0 = Debug|Any CPU
		{081B15A6-769A-42E1-AF35-4BE6D3F1F761}.Debug|x64.ActiveCfg = Debug|Any CPU
		{081B15A6-769A-42E1-AF35-4BE6D3F1F761}.Debug|x64.Build.0 = Debug|Any CPU
		{081B15A6-769A-42E1-AF35-4BE6D3F1F761}.Debug|x86.ActiveCfg = Debug|Any CPU
		{081B15A6-769A-42E1-AF35-4BE6D3F1F761}.Debug|x86.Build.0 = Debug|Any CPU
		{081B15A6-769A-42E1-AF35-4BE6D3F1F761}.Release|Any CPU.ActiveCfg = Release|Any CPU
		{081B15A6-769A-42E1-AF35-4BE6D3F1F761}.Release|Any CPU.Build.0 = Release|Any CPU
		{081B15A6-769A-42E1-AF35-4BE6D3F1F761}.Release|x64.ActiveCfg = Release|Any CPU
		{081B15A6-769A-42E1-AF35-4BE6D3F1F761}.Release|x64.Build.0 = Release|Any CPU
		{081B15A6-769A-42E1-AF35-4BE6D3F1F761}.Release|x86.ActiveCfg = Release|Any CPU
		{081B15A6-769A-42E1-AF35-4BE6D3F1F761}.Release|x86.Build.0 = Release|Any CPU
		{A9ED572F-72A5-46E4-B3FC-F3ADC074C577}.Debug|Any CPU.ActiveCfg = Debug|Any CPU
		{A9ED572F-72A5-46E4-B3FC-F3ADC074C577}.Debug|Any CPU.Build.0 = Debug|Any CPU
		{A9ED572F-72A5-46E4-B3FC-F3ADC074C577}.Debug|x64.ActiveCfg = Debug|Any CPU
		{A9ED572F-72A5-46E4-B3FC-F3ADC074C577}.Debug|x64.Build.0 = Debug|Any CPU
		{A9ED572F-72A5-46E4-B3FC-F3ADC074C577}.Debug|x86.ActiveCfg = Debug|Any CPU
		{A9ED572F-72A5-46E4-B3FC-F3ADC074C577}.Debug|x86.Build.0 = Debug|Any CPU
		{A9ED572F-72A5-46E4-B3FC-F3ADC074C577}.Release|Any CPU.ActiveCfg = Release|Any CPU
		{A9ED572F-72A5-46E4-B3FC-F3ADC074C577}.Release|Any CPU.Build.0 = Release|Any CPU
		{A9ED572F-72A5-46E4-B3FC-F3ADC074C577}.Release|x64.ActiveCfg = Release|Any CPU
		{A9ED572F-72A5-46E4-B3FC-F3ADC074C577}.Release|x64.Build.0 = Release|Any CPU
		{A9ED572F-72A5-46E4-B3FC-F3ADC074C577}.Release|x86.ActiveCfg = Release|Any CPU
		{A9ED572F-72A5-46E4-B3FC-F3ADC074C577}.Release|x86.Build.0 = Release|Any CPU
		{26719386-E138-458C-959B-8BE5342B3AF7}.Debug|Any CPU.ActiveCfg = Debug|Any CPU
		{26719386-E138-458C-959B-8BE5342B3AF7}.Debug|Any CPU.Build.0 = Debug|Any CPU
		{26719386-E138-458C-959B-8BE5342B3AF7}.Debug|x64.ActiveCfg = Debug|Any CPU
		{26719386-E138-458C-959B-8BE5342B3AF7}.Debug|x64.Build.0 = Debug|Any CPU
		{26719386-E138-458C-959B-8BE5342B3AF7}.Debug|x86.ActiveCfg = Debug|Any CPU
		{26719386-E138-458C-959B-8BE5342B3AF7}.Debug|x86.Build.0 = Debug|Any CPU
		{26719386-E138-458C-959B-8BE5342B3AF7}.Release|Any CPU.ActiveCfg = Release|Any CPU
		{26719386-E138-458C-959B-8BE5342B3AF7}.Release|Any CPU.Build.0 = Release|Any CPU
		{26719386-E138-458C-959B-8BE5342B3AF7}.Release|x64.ActiveCfg = Release|Any CPU
		{26719386-E138-458C-959B-8BE5342B3AF7}.Release|x64.Build.0 = Release|Any CPU
		{26719386-E138-458C-959B-8BE5342B3AF7}.Release|x86.ActiveCfg = Release|Any CPU
		{26719386-E138-458C-959B-8BE5342B3AF7}.Release|x86.Build.0 = Release|Any CPU
		{EF2BE11E-4B21-49DF-8E23-1852C2115722}.Debug|Any CPU.ActiveCfg = Debug|Any CPU
		{EF2BE11E-4B21-49DF-8E23-1852C2115722}.Debug|Any CPU.Build.0 = Debug|Any CPU
		{EF2BE11E-4B21-49DF-8E23-1852C2115722}.Debug|x64.ActiveCfg = Debug|Any CPU
		{EF2BE11E-4B21-49DF-8E23-1852C2115722}.Debug|x64.Build.0 = Debug|Any CPU
		{EF2BE11E-4B21-49DF-8E23-1852C2115722}.Debug|x86.ActiveCfg = Debug|Any CPU
		{EF2BE11E-4B21-49DF-8E23-1852C2115722}.Debug|x86.Build.0 = Debug|Any CPU
		{EF2BE11E-4B21-49DF-8E23-1852C2115722}.Release|Any CPU.ActiveCfg = Release|Any CPU
		{EF2BE11E-4B21-49DF-8E23-1852C2115722}.Release|Any CPU.Build.0 = Release|Any CPU
		{EF2BE11E-4B21-49DF-8E23-1852C2115722}.Release|x64.ActiveCfg = Release|Any CPU
		{EF2BE11E-4B21-49DF-8E23-1852C2115722}.Release|x64.Build.0 = Release|Any CPU
		{EF2BE11E-4B21-49DF-8E23-1852C2115722}.Release|x86.ActiveCfg = Release|Any CPU
		{EF2BE11E-4B21-49DF-8E23-1852C2115722}.Release|x86.Build.0 = Release|Any CPU
	EndGlobalSection
	GlobalSection(SolutionProperties) = preSolution
		HideSolutionNode = FALSE
	EndGlobalSection
	GlobalSection(ExtensibilityGlobals) = postSolution
		SolutionGuid = {8E087B69-7D2D-423C-80AD-FD0632D7D219}
	EndGlobalSection
EndGlobal
